// !$*UTF8*$!
{
	archiveVersion = 1;
	classes = {
	};
	objectVersion = 55;
	objects = {

/* Begin PBXBuildFile section */
		4D4A135F28B6C76D0001A0FF /* AppDelegate.swift in Sources */ = {isa = PBXBuildFile; fileRef = 4D4A135E28B6C76D0001A0FF /* AppDelegate.swift */; };
		4D4A136128B6C76D0001A0FF /* SceneDelegate.swift in Sources */ = {isa = PBXBuildFile; fileRef = 4D4A136028B6C76D0001A0FF /* SceneDelegate.swift */; };
		4D4A136328B6C76D0001A0FF /* ViewController.swift in Sources */ = {isa = PBXBuildFile; fileRef = 4D4A136228B6C76D0001A0FF /* ViewController.swift */; };
		4D4A136628B6C76D0001A0FF /* Main.storyboard in Resources */ = {isa = PBXBuildFile; fileRef = 4D4A136428B6C76D0001A0FF /* Main.storyboard */; };
		4D4A136928B6C76D0001A0FF /* FindDriver.xcdatamodeld in Sources */ = {isa = PBXBuildFile; fileRef = 4D4A136728B6C76D0001A0FF /* FindDriver.xcdatamodeld */; };
		4D4A136B28B6C7710001A0FF /* Assets.xcassets in Resources */ = {isa = PBXBuildFile; fileRef = 4D4A136A28B6C7710001A0FF /* Assets.xcassets */; };
		4D4A136E28B6C7710001A0FF /* LaunchScreen.storyboard in Resources */ = {isa = PBXBuildFile; fileRef = 4D4A136C28B6C7710001A0FF /* LaunchScreen.storyboard */; };
		4D4A137928B6C7710001A0FF /* FindDriverTests.swift in Sources */ = {isa = PBXBuildFile; fileRef = 4D4A137828B6C7710001A0FF /* FindDriverTests.swift */; };
		4D4A138328B6C7710001A0FF /* FindDriverUITests.swift in Sources */ = {isa = PBXBuildFile; fileRef = 4D4A138228B6C7710001A0FF /* FindDriverUITests.swift */; };
		4D4A138528B6C7710001A0FF /* FindDriverUITestsLaunchTests.swift in Sources */ = {isa = PBXBuildFile; fileRef = 4D4A138428B6C7710001A0FF /* FindDriverUITestsLaunchTests.swift */; };
/* End PBXBuildFile section */

/* Begin PBXContainerItemProxy section */
		4D4A137528B6C7710001A0FF /* PBXContainerItemProxy */ = {
			isa = PBXContainerItemProxy;
			containerPortal = 4D4A135328B6C76D0001A0FF /* Project object */;
			proxyType = 1;
			remoteGlobalIDString = 4D4A135A28B6C76D0001A0FF;
			remoteInfo = FindDriver;
		};
		4D4A137F28B6C7710001A0FF /* PBXContainerItemProxy */ = {
			isa = PBXContainerItemProxy;
			containerPortal = 4D4A135328B6C76D0001A0FF /* Project object */;
			proxyType = 1;
			remoteGlobalIDString = 4D4A135A28B6C76D0001A0FF;
			remoteInfo = FindDriver;
		};
/* End PBXContainerItemProxy section */

/* Begin PBXFileReference section */
		4D4A135B28B6C76D0001A0FF /* FindDriver.app */ = {isa = PBXFileReference; explicitFileType = wrapper.application; includeInIndex = 0; path = FindDriver.app; sourceTree = BUILT_PRODUCTS_DIR; };
		4D4A135E28B6C76D0001A0FF /* AppDelegate.swift */ = {isa = PBXFileReference; lastKnownFileType = sourcecode.swift; path = AppDelegate.swift; sourceTree = "<group>"; };
		4D4A136028B6C76D0001A0FF /* SceneDelegate.swift */ = {isa = PBXFileReference; lastKnownFileType = sourcecode.swift; path = SceneDelegate.swift; sourceTree = "<group>"; };
		4D4A136228B6C76D0001A0FF /* ViewController.swift */ = {isa = PBXFileReference; lastKnownFileType = sourcecode.swift; path = ViewController.swift; sourceTree = "<group>"; };
		4D4A136528B6C76D0001A0FF /* Base */ = {isa = PBXFileReference; lastKnownFileType = file.storyboard; name = Base; path = Base.lproj/Main.storyboard; sourceTree = "<group>"; };
		4D4A136828B6C76D0001A0FF /* FindDriver.xcdatamodel */ = {isa = PBXFileReference; lastKnownFileType = wrapper.xcdatamodel; path = FindDriver.xcdatamodel; sourceTree = "<group>"; };
		4D4A136A28B6C7710001A0FF /* Assets.xcassets */ = {isa = PBXFileReference; lastKnownFileType = folder.assetcatalog; path = Assets.xcassets; sourceTree = "<group>"; };
		4D4A136D28B6C7710001A0FF /* Base */ = {isa = PBXFileReference; lastKnownFileType = file.storyboard; name = Base; path = Base.lproj/LaunchScreen.storyboard; sourceTree = "<group>"; };
		4D4A136F28B6C7710001A0FF /* Info.plist */ = {isa = PBXFileReference; lastKnownFileType = text.plist.xml; path = Info.plist; sourceTree = "<group>"; };
		4D4A137428B6C7710001A0FF /* FindDriverTests.xctest */ = {isa = PBXFileReference; explicitFileType = wrapper.cfbundle; includeInIndex = 0; path = FindDriverTests.xctest; sourceTree = BUILT_PRODUCTS_DIR; };
		4D4A137828B6C7710001A0FF /* FindDriverTests.swift */ = {isa = PBXFileReference; lastKnownFileType = sourcecode.swift; path = FindDriverTests.swift; sourceTree = "<group>"; };
		4D4A137E28B6C7710001A0FF /* FindDriverUITests.xctest */ = {isa = PBXFileReference; explicitFileType = wrapper.cfbundle; includeInIndex = 0; path = FindDriverUITests.xctest; sourceTree = BUILT_PRODUCTS_DIR; };
		4D4A138228B6C7710001A0FF /* FindDriverUITests.swift */ = {isa = PBXFileReference; lastKnownFileType = sourcecode.swift; path = FindDriverUITests.swift; sourceTree = "<group>"; };
		4D4A138428B6C7710001A0FF /* FindDriverUITestsLaunchTests.swift */ = {isa = PBXFileReference; lastKnownFileType = sourcecode.swift; path = FindDriverUITestsLaunchTests.swift; sourceTree = "<group>"; };
/* End PBXFileReference section */

/* Begin PBXFrameworksBuildPhase section */
		4D4A135828B6C76D0001A0FF /* Frameworks */ = {
			isa = PBXFrameworksBuildPhase;
			buildActionMask = 2147483647;
			files = (
			);
			runOnlyForDeploymentPostprocessing = 0;
		};
		4D4A137128B6C7710001A0FF /* Frameworks */ = {
			isa = PBXFrameworksBuildPhase;
			buildActionMask = 2147483647;
			files = (
			);
			runOnlyForDeploymentPostprocessing = 0;
		};
		4D4A137B28B6C7710001A0FF /* Frameworks */ = {
			isa = PBXFrameworksBuildPhase;
			buildActionMask = 2147483647;
			files = (
			);
			runOnlyForDeploymentPostprocessing = 0;
		};
/* End PBXFrameworksBuildPhase section */

/* Begin PBXGroup section */
		4D4A135228B6C76D0001A0FF = {
			isa = PBXGroup;
			children = (
				4D4A135D28B6C76D0001A0FF /* FindDriver */,
				4D4A137728B6C7710001A0FF /* FindDriverTests */,
				4D4A138128B6C7710001A0FF /* FindDriverUITests */,
				4D4A135C28B6C76D0001A0FF /* Products */,
			);
			sourceTree = "<group>";
		};
		4D4A135C28B6C76D0001A0FF /* Products */ = {
			isa = PBXGroup;
			children = (
				4D4A135B28B6C76D0001A0FF /* FindDriver.app */,
				4D4A137428B6C7710001A0FF /* FindDriverTests.xctest */,
				4D4A137E28B6C7710001A0FF /* FindDriverUITests.xctest */,
			);
			name = Products;
			sourceTree = "<group>";
		};
		4D4A135D28B6C76D0001A0FF /* FindDriver */ = {
			isa = PBXGroup;
			children = (
				4D4A135E28B6C76D0001A0FF /* AppDelegate.swift */,
				4D4A136028B6C76D0001A0FF /* SceneDelegate.swift */,
				4D4A136228B6C76D0001A0FF /* ViewController.swift */,
				4D4A136428B6C76D0001A0FF /* Main.storyboard */,
				4D4A136A28B6C7710001A0FF /* Assets.xcassets */,
				4D4A136C28B6C7710001A0FF /* LaunchScreen.storyboard */,
				4D4A136F28B6C7710001A0FF /* Info.plist */,
				4D4A136728B6C76D0001A0FF /* FindDriver.xcdatamodeld */,
			);
			path = FindDriver;
			sourceTree = "<group>";
		};
		4D4A137728B6C7710001A0FF /* FindDriverTests */ = {
			isa = PBXGroup;
			children = (
				4D4A137828B6C7710001A0FF /* FindDriverTests.swift */,
			);
			path = FindDriverTests;
			sourceTree = "<group>";
		};
		4D4A138128B6C7710001A0FF /* FindDriverUITests */ = {
			isa = PBXGroup;
			children = (
				4D4A138228B6C7710001A0FF /* FindDriverUITests.swift */,
				4D4A138428B6C7710001A0FF /* FindDriverUITestsLaunchTests.swift */,
			);
			path = FindDriverUITests;
			sourceTree = "<group>";
		};
/* End PBXGroup section */

/* Begin PBXNativeTarget section */
		4D4A135A28B6C76D0001A0FF /* FindDriver */ = {
			isa = PBXNativeTarget;
			buildConfigurationList = 4D4A138828B6C7710001A0FF /* Build configuration list for PBXNativeTarget "FindDriver" */;
			buildPhases = (
				4D4A135728B6C76D0001A0FF /* Sources */,
				4D4A135828B6C76D0001A0FF /* Frameworks */,
				4D4A135928B6C76D0001A0FF /* Resources */,
			);
			buildRules = (
			);
			dependencies = (
			);
			name = FindDriver;
			productName = FindDriver;
			productReference = 4D4A135B28B6C76D0001A0FF /* FindDriver.app */;
			productType = "com.apple.product-type.application";
		};
		4D4A137328B6C7710001A0FF /* FindDriverTests */ = {
			isa = PBXNativeTarget;
			buildConfigurationList = 4D4A138B28B6C7710001A0FF /* Build configuration list for PBXNativeTarget "FindDriverTests" */;
			buildPhases = (
				4D4A137028B6C7710001A0FF /* Sources */,
				4D4A137128B6C7710001A0FF /* Frameworks */,
				4D4A137228B6C7710001A0FF /* Resources */,
			);
			buildRules = (
			);
			dependencies = (
				4D4A137628B6C7710001A0FF /* PBXTargetDependency */,
			);
			name = FindDriverTests;
			productName = FindDriverTests;
			productReference = 4D4A137428B6C7710001A0FF /* FindDriverTests.xctest */;
			productType = "com.apple.product-type.bundle.unit-test";
		};
		4D4A137D28B6C7710001A0FF /* FindDriverUITests */ = {
			isa = PBXNativeTarget;
			buildConfigurationList = 4D4A138E28B6C7710001A0FF /* Build configuration list for PBXNativeTarget "FindDriverUITests" */;
			buildPhases = (
				4D4A137A28B6C7710001A0FF /* Sources */,
				4D4A137B28B6C7710001A0FF /* Frameworks */,
				4D4A137C28B6C7710001A0FF /* Resources */,
			);
			buildRules = (
			);
			dependencies = (
				4D4A138028B6C7710001A0FF /* PBXTargetDependency */,
			);
			name = FindDriverUITests;
			productName = FindDriverUITests;
			productReference = 4D4A137E28B6C7710001A0FF /* FindDriverUITests.xctest */;
			productType = "com.apple.product-type.bundle.ui-testing";
		};
/* End PBXNativeTarget section */

/* Begin PBXProject section */
		4D4A135328B6C76D0001A0FF /* Project object */ = {
			isa = PBXProject;
			attributes = {
				BuildIndependentTargetsInParallel = 1;
				LastSwiftUpdateCheck = 1340;
				LastUpgradeCheck = 1340;
				TargetAttributes = {
					4D4A135A28B6C76D0001A0FF = {
						CreatedOnToolsVersion = 13.4.1;
					};
					4D4A137328B6C7710001A0FF = {
						CreatedOnToolsVersion = 13.4.1;
						TestTargetID = 4D4A135A28B6C76D0001A0FF;
					};
					4D4A137D28B6C7710001A0FF = {
						CreatedOnToolsVersion = 13.4.1;
						TestTargetID = 4D4A135A28B6C76D0001A0FF;
					};
				};
			};
			buildConfigurationList = 4D4A135628B6C76D0001A0FF /* Build configuration list for PBXProject "FindDriver" */;
			compatibilityVersion = "Xcode 13.0";
			developmentRegion = en;
			hasScannedForEncodings = 0;
			knownRegions = (
				en,
				Base,
			);
			mainGroup = 4D4A135228B6C76D0001A0FF;
			productRefGroup = 4D4A135C28B6C76D0001A0FF /* Products */;
			projectDirPath = "";
			projectRoot = "";
			targets = (
				4D4A135A28B6C76D0001A0FF /* FindDriver */,
				4D4A137328B6C7710001A0FF /* FindDriverTests */,
				4D4A137D28B6C7710001A0FF /* FindDriverUITests */,
			);
		};
/* End PBXProject section */

/* Begin PBXResourcesBuildPhase section */
		4D4A135928B6C76D0001A0FF /* Resources */ = {
			isa = PBXResourcesBuildPhase;
			buildActionMask = 2147483647;
			files = (
				4D4A136E28B6C7710001A0FF /* LaunchScreen.storyboard in Resources */,
				4D4A136B28B6C7710001A0FF /* Assets.xcassets in Resources */,
				4D4A136628B6C76D0001A0FF /* Main.storyboard in Resources */,
			);
			runOnlyForDeploymentPostprocessing = 0;
		};
		4D4A137228B6C7710001A0FF /* Resources */ = {
			isa = PBXResourcesBuildPhase;
			buildActionMask = 2147483647;
			files = (
			);
			runOnlyForDeploymentPostprocessing = 0;
		};
		4D4A137C28B6C7710001A0FF /* Resources */ = {
			isa = PBXResourcesBuildPhase;
			buildActionMask = 2147483647;
			files = (
			);
			runOnlyForDeploymentPostprocessing = 0;
		};
/* End PBXResourcesBuildPhase section */

/* Begin PBXSourcesBuildPhase section */
		4D4A135728B6C76D0001A0FF /* Sources */ = {
			isa = PBXSourcesBuildPhase;
			buildActionMask = 2147483647;
			files = (
				4D4A136928B6C76D0001A0FF /* FindDriver.xcdatamodeld in Sources */,
				4D4A136328B6C76D0001A0FF /* ViewController.swift in Sources */,
				4D4A135F28B6C76D0001A0FF /* AppDelegate.swift in Sources */,
				4D4A136128B6C76D0001A0FF /* SceneDelegate.swift in Sources */,
			);
			runOnlyForDeploymentPostprocessing = 0;
		};
		4D4A137028B6C7710001A0FF /* Sources */ = {
			isa = PBXSourcesBuildPhase;
			buildActionMask = 2147483647;
			files = (
				4D4A137928B6C7710001A0FF /* FindDriverTests.swift in Sources */,
			);
			runOnlyForDeploymentPostprocessing = 0;
		};
		4D4A137A28B6C7710001A0FF /* Sources */ = {
			isa = PBXSourcesBuildPhase;
			buildActionMask = 2147483647;
			files = (
				4D4A138328B6C7710001A0FF /* FindDriverUITests.swift in Sources */,
				4D4A138528B6C7710001A0FF /* FindDriverUITestsLaunchTests.swift in Sources */,
			);
			runOnlyForDeploymentPostprocessing = 0;
		};
/* End PBXSourcesBuildPhase section */

/* Begin PBXTargetDependency section */
		4D4A137628B6C7710001A0FF /* PBXTargetDependency */ = {
			isa = PBXTargetDependency;
			target = 4D4A135A28B6C76D0001A0FF /* FindDriver */;
			targetProxy = 4D4A137528B6C7710001A0FF /* PBXContainerItemProxy */;
		};
		4D4A138028B6C7710001A0FF /* PBXTargetDependency */ = {
			isa = PBXTargetDependency;
			target = 4D4A135A28B6C76D0001A0FF /* FindDriver */;
			targetProxy = 4D4A137F28B6C7710001A0FF /* PBXContainerItemProxy */;
		};
/* End PBXTargetDependency section */

/* Begin PBXVariantGroup section */
		4D4A136428B6C76D0001A0FF /* Main.storyboard */ = {
			isa = PBXVariantGroup;
			children = (
				4D4A136528B6C76D0001A0FF /* Base */,
			);
			name = Main.storyboard;
			sourceTree = "<group>";
		};
		4D4A136C28B6C7710001A0FF /* LaunchScreen.storyboard */ = {
			isa = PBXVariantGroup;
			children = (
				4D4A136D28B6C7710001A0FF /* Base */,
			);
			name = LaunchScreen.storyboard;
			sourceTree = "<group>";
		};
/* End PBXVariantGroup section */

/* Begin XCBuildConfiguration section */
		4D4A138628B6C7710001A0FF /* Debug */ = {
			isa = XCBuildConfiguration;
			buildSettings = {
				ALWAYS_SEARCH_USER_PATHS = NO;
				CLANG_ANALYZER_NONNULL = YES;
				CLANG_ANALYZER_NUMBER_OBJECT_CONVERSION = YES_AGGRESSIVE;
				CLANG_CXX_LANGUAGE_STANDARD = "gnu++17";
				CLANG_ENABLE_MODULES = YES;
				CLANG_ENABLE_OBJC_ARC = YES;
				CLANG_ENABLE_OBJC_WEAK = YES;
				CLANG_WARN_BLOCK_CAPTURE_AUTORELEASING = YES;
				CLANG_WARN_BOOL_CONVERSION = YES;
				CLANG_WARN_COMMA = YES;
				CLANG_WARN_CONSTANT_CONVERSION = YES;
				CLANG_WARN_DEPRECATED_OBJC_IMPLEMENTATIONS = YES;
				CLANG_WARN_DIRECT_OBJC_ISA_USAGE = YES_ERROR;
				CLANG_WARN_DOCUMENTATION_COMMENTS = YES;
				CLANG_WARN_EMPTY_BODY = YES;
				CLANG_WARN_ENUM_CONVERSION = YES;
				CLANG_WARN_INFINITE_RECURSION = YES;
				CLANG_WARN_INT_CONVERSION = YES;
				CLANG_WARN_NON_LITERAL_NULL_CONVERSION = YES;
				CLANG_WARN_OBJC_IMPLICIT_RETAIN_SELF = YES;
				CLANG_WARN_OBJC_LITERAL_CONVERSION = YES;
				CLANG_WARN_OBJC_ROOT_CLASS = YES_ERROR;
				CLANG_WARN_QUOTED_INCLUDE_IN_FRAMEWORK_HEADER = YES;
				CLANG_WARN_RANGE_LOOP_ANALYSIS = YES;
				CLANG_WARN_STRICT_PROTOTYPES = YES;
				CLANG_WARN_SUSPICIOUS_MOVE = YES;
				CLANG_WARN_UNGUARDED_AVAILABILITY = YES_AGGRESSIVE;
				CLANG_WARN_UNREACHABLE_CODE = YES;
				CLANG_WARN__DUPLICATE_METHOD_MATCH = YES;
				COPY_PHASE_STRIP = NO;
				DEBUG_INFORMATION_FORMAT = dwarf;
				ENABLE_STRICT_OBJC_MSGSEND = YES;
				ENABLE_TESTABILITY = YES;
				GCC_C_LANGUAGE_STANDARD = gnu11;
				GCC_DYNAMIC_NO_PIC = NO;
				GCC_NO_COMMON_BLOCKS = YES;
				GCC_OPTIMIZATION_LEVEL = 0;
				GCC_PREPROCESSOR_DEFINITIONS = (
					"DEBUG=1",
					"$(inherited)",
				);
				GCC_WARN_64_TO_32_BIT_CONVERSION = YES;
				GCC_WARN_ABOUT_RETURN_TYPE = YES_ERROR;
				GCC_WARN_UNDECLARED_SELECTOR = YES;
				GCC_WARN_UNINITIALIZED_AUTOS = YES_AGGRESSIVE;
				GCC_WARN_UNUSED_FUNCTION = YES;
				GCC_WARN_UNUSED_VARIABLE = YES;
				IPHONEOS_DEPLOYMENT_TARGET = 15.5;
				MTL_ENABLE_DEBUG_INFO = INCLUDE_SOURCE;
				MTL_FAST_MATH = YES;
				ONLY_ACTIVE_ARCH = YES;
				SDKROOT = iphoneos;
				SWIFT_ACTIVE_COMPILATION_CONDITIONS = DEBUG;
				SWIFT_OPTIMIZATION_LEVEL = "-Onone";
			};
			name = Debug;
		};
		4D4A138728B6C7710001A0FF /* Release */ = {
			isa = XCBuildConfiguration;
			buildSettings = {
				ALWAYS_SEARCH_USER_PATHS = NO;
				CLANG_ANALYZER_NONNULL = YES;
				CLANG_ANALYZER_NUMBER_OBJECT_CONVERSION = YES_AGGRESSIVE;
				CLANG_CXX_LANGUAGE_STANDARD = "gnu++17";
				CLANG_ENABLE_MODULES = YES;
				CLANG_ENABLE_OBJC_ARC = YES;
				CLANG_ENABLE_OBJC_WEAK = YES;
				CLANG_WARN_BLOCK_CAPTURE_AUTORELEASING = YES;
				CLANG_WARN_BOOL_CONVERSION = YES;
				CLANG_WARN_COMMA = YES;
				CLANG_WARN_CONSTANT_CONVERSION = YES;
				CLANG_WARN_DEPRECATED_OBJC_IMPLEMENTATIONS = YES;
				CLANG_WARN_DIRECT_OBJC_ISA_USAGE = YES_ERROR;
				CLANG_WARN_DOCUMENTATION_COMMENTS = YES;
				CLANG_WARN_EMPTY_BODY = YES;
				CLANG_WARN_ENUM_CONVERSION = YES;
				CLANG_WARN_INFINITE_RECURSION = YES;
				CLANG_WARN_INT_CONVERSION = YES;
				CLANG_WARN_NON_LITERAL_NULL_CONVERSION = YES;
				CLANG_WARN_OBJC_IMPLICIT_RETAIN_SELF = YES;
				CLANG_WARN_OBJC_LITERAL_CONVERSION = YES;
				CLANG_WARN_OBJC_ROOT_CLASS = YES_ERROR;
				CLANG_WARN_QUOTED_INCLUDE_IN_FRAMEWORK_HEADER = YES;
				CLANG_WARN_RANGE_LOOP_ANALYSIS = YES;
				CLANG_WARN_STRICT_PROTOTYPES = YES;
				CLANG_WARN_SUSPICIOUS_MOVE = YES;
				CLANG_WARN_UNGUARDED_AVAILABILITY = YES_AGGRESSIVE;
				CLANG_WARN_UNREACHABLE_CODE = YES;
				CLANG_WARN__DUPLICATE_METHOD_MATCH = YES;
				COPY_PHASE_STRIP = NO;
				DEBUG_INFORMATION_FORMAT = "dwarf-with-dsym";
				ENABLE_NS_ASSERTIONS = NO;
				ENABLE_STRICT_OBJC_MSGSEND = YES;
				GCC_C_LANGUAGE_STANDARD = gnu11;
				GCC_NO_COMMON_BLOCKS = YES;
				GCC_WARN_64_TO_32_BIT_CONVERSION = YES;
				GCC_WARN_ABOUT_RETURN_TYPE = YES_ERROR;
				GCC_WARN_UNDECLARED_SELECTOR = YES;
				GCC_WARN_UNINITIALIZED_AUTOS = YES_AGGRESSIVE;
				GCC_WARN_UNUSED_FUNCTION = YES;
				GCC_WARN_UNUSED_VARIABLE = YES;
				IPHONEOS_DEPLOYMENT_TARGET = 15.5;
				MTL_ENABLE_DEBUG_INFO = NO;
				MTL_FAST_MATH = YES;
				SDKROOT = iphoneos;
				SWIFT_COMPILATION_MODE = wholemodule;
				SWIFT_OPTIMIZATION_LEVEL = "-O";
				VALIDATE_PRODUCT = YES;
			};
			name = Release;
		};
		4D4A138928B6C7710001A0FF /* Debug */ = {
			isa = XCBuildConfiguration;
			buildSettings = {
				ASSETCATALOG_COMPILER_APPICON_NAME = AppIcon;
				ASSETCATALOG_COMPILER_GLOBAL_ACCENT_COLOR_NAME = AccentColor;
				CODE_SIGN_STYLE = Automatic;
				CURRENT_PROJECT_VERSION = 1;
				DEVELOPMENT_TEAM = FU4635KL3Z;
				GENERATE_INFOPLIST_FILE = YES;
				INFOPLIST_FILE = FindDriver/Info.plist;
				INFOPLIST_KEY_UIApplicationSupportsIndirectInputEvents = YES;
				INFOPLIST_KEY_UILaunchStoryboardName = LaunchScreen;
				INFOPLIST_KEY_UIMainStoryboardFile = Main;
				INFOPLIST_KEY_UISupportedInterfaceOrientations_iPad = "UIInterfaceOrientationPortrait UIInterfaceOrientationPortraitUpsideDown UIInterfaceOrientationLandscapeLeft UIInterfaceOrientationLandscapeRight";
				INFOPLIST_KEY_UISupportedInterfaceOrientations_iPhone = "UIInterfaceOrientationPortrait UIInterfaceOrientationLandscapeLeft UIInterfaceOrientationLandscapeRight";
				LD_RUNPATH_SEARCH_PATHS = (
					"$(inherited)",
					"@executable_path/Frameworks",
				);
				MARKETING_VERSION = 1.0;
				PRODUCT_BUNDLE_IDENTIFIER = com.training.FindDriver;
				PRODUCT_NAME = "$(TARGET_NAME)";
				SWIFT_EMIT_LOC_STRINGS = YES;
				SWIFT_VERSION = 5.0;
				TARGETED_DEVICE_FAMILY = "1,2";
			};
			name = Debug;
		};
		4D4A138A28B6C7710001A0FF /* Release */ = {
			isa = XCBuildConfiguration;
			buildSettings = {
				ASSETCATALOG_COMPILER_APPICON_NAME = AppIcon;
				ASSETCATALOG_COMPILER_GLOBAL_ACCENT_COLOR_NAME = AccentColor;
				CODE_SIGN_STYLE = Automatic;
				CURRENT_PROJECT_VERSION = 1;
				DEVELOPMENT_TEAM = FU4635KL3Z;
				GENERATE_INFOPLIST_FILE = YES;
				INFOPLIST_FILE = FindDriver/Info.plist;
				INFOPLIST_KEY_UIApplicationSupportsIndirectInputEvents = YES;
				INFOPLIST_KEY_UILaunchStoryboardName = LaunchScreen;
				INFOPLIST_KEY_UIMainStoryboardFile = Main;
				INFOPLIST_KEY_UISupportedInterfaceOrientations_iPad = "UIInterfaceOrientationPortrait UIInterfaceOrientationPortraitUpsideDown UIInterfaceOrientationLandscapeLeft UIInterfaceOrientationLandscapeRight";
				INFOPLIST_KEY_UISupportedInterfaceOrientations_iPhone = "UIInterfaceOrientationPortrait UIInterfaceOrientationLandscapeLeft UIInterfaceOrientationLandscapeRight";
				LD_RUNPATH_SEARCH_PATHS = (
					"$(inherited)",
					"@executable_path/Frameworks",
				);
				MARKETING_VERSION = 1.0;
				PRODUCT_BUNDLE_IDENTIFIER = com.training.FindDriver;
				PRODUCT_NAME = "$(TARGET_NAME)";
				SWIFT_EMIT_LOC_STRINGS = YES;
				SWIFT_VERSION = 5.0;
				TARGETED_DEVICE_FAMILY = "1,2";
			};
			name = Release;
		};
		4D4A138C28B6C7710001A0FF /* Debug */ = {
			isa = XCBuildConfiguration;
			buildSettings = {
				ALWAYS_EMBED_SWIFT_STANDARD_LIBRARIES = YES;
				BUNDLE_LOADER = "$(TEST_HOST)";
				CODE_SIGN_STYLE = Automatic;
				CURRENT_PROJECT_VERSION = 1;
				DEVELOPMENT_TEAM = FU4635KL3Z;
				GENERATE_INFOPLIST_FILE = YES;
				IPHONEOS_DEPLOYMENT_TARGET = 15.5;
				MARKETING_VERSION = 1.0;
				PRODUCT_BUNDLE_IDENTIFIER = com.training.FindDriverTests;
				PRODUCT_NAME = "$(TARGET_NAME)";
				SWIFT_EMIT_LOC_STRINGS = NO;
				SWIFT_VERSION = 5.0;
				TARGETED_DEVICE_FAMILY = "1,2";
				TEST_HOST = "$(BUILT_PRODUCTS_DIR)/FindDriver.app/FindDriver";
			};
			name = Debug;
		};
		4D4A138D28B6C7710001A0FF /* Release */ = {
			isa = XCBuildConfiguration;
			buildSettings = {
				ALWAYS_EMBED_SWIFT_STANDARD_LIBRARIES = YES;
				BUNDLE_LOADER = "$(TEST_HOST)";
				CODE_SIGN_STYLE = Automatic;
				CURRENT_PROJECT_VERSION = 1;
				DEVELOPMENT_TEAM = FU4635KL3Z;
				GENERATE_INFOPLIST_FILE = YES;
				IPHONEOS_DEPLOYMENT_TARGET = 15.5;
				MARKETING_VERSION = 1.0;
				PRODUCT_BUNDLE_IDENTIFIER = com.training.FindDriverTests;
				PRODUCT_NAME = "$(TARGET_NAME)";
				SWIFT_EMIT_LOC_STRINGS = NO;
				SWIFT_VERSION = 5.0;
				TARGETED_DEVICE_FAMILY = "1,2";
				TEST_HOST = "$(BUILT_PRODUCTS_DIR)/FindDriver.app/FindDriver";
			};
			name = Release;
		};
		4D4A138F28B6C7710001A0FF /* Debug */ = {
			isa = XCBuildConfiguration;
			buildSettings = {
				ALWAYS_EMBED_SWIFT_STANDARD_LIBRARIES = YES;
				CODE_SIGN_STYLE = Automatic;
				CURRENT_PROJECT_VERSION = 1;
				DEVELOPMENT_TEAM = FU4635KL3Z;
				GENERATE_INFOPLIST_FILE = YES;
				MARKETING_VERSION = 1.0;
				PRODUCT_BUNDLE_IDENTIFIER = com.training.FindDriverUITests;
				PRODUCT_NAME = "$(TARGET_NAME)";
				SWIFT_EMIT_LOC_STRINGS = NO;
				SWIFT_VERSION = 5.0;
				TARGETED_DEVICE_FAMILY = "1,2";
				TEST_TARGET_NAME = FindDriver;
			};
			name = Debug;
		};
		4D4A139028B6C7710001A0FF /* Release */ = {
			isa = XCBuildConfiguration;
			buildSettings = {
				ALWAYS_EMBED_SWIFT_STANDARD_LIBRARIES = YES;
				CODE_SIGN_STYLE = Automatic;
				CURRENT_PROJECT_VERSION = 1;
				DEVELOPMENT_TEAM = FU4635KL3Z;
				GENERATE_INFOPLIST_FILE = YES;
				MARKETING_VERSION = 1.0;
				PRODUCT_BUNDLE_IDENTIFIER = com.training.FindDriverUITests;
				PRODUCT_NAME = "$(TARGET_NAME)";
				SWIFT_EMIT_LOC_STRINGS = NO;
				SWIFT_VERSION = 5.0;
				TARGETED_DEVICE_FAMILY = "1,2";
				TEST_TARGET_NAME = FindDriver;
			};
			name = Release;
		};
/* End XCBuildConfiguration section */

/* Begin XCConfigurationList section */
		4D4A135628B6C76D0001A0FF /* Build configuration list for PBXProject "FindDriver" */ = {
			isa = XCConfigurationList;
			buildConfigurations = (
				4D4A138628B6C7710001A0FF /* Debug */,
				4D4A138728B6C7710001A0FF /* Release */,
			);
			defaultConfigurationIsVisible = 0;
			defaultConfigurationName = Release;
		};
		4D4A138828B6C7710001A0FF /* Build configuration list for PBXNativeTarget "FindDriver" */ = {
			isa = XCConfigurationList;
			buildConfigurations = (
				4D4A138928B6C7710001A0FF /* Debug */,
				4D4A138A28B6C7710001A0FF /* Release */,
			);
			defaultConfigurationIsVisible = 0;
			defaultConfigurationName = Release;
		};
		4D4A138B28B6C7710001A0FF /* Build configuration list for PBXNativeTarget "FindDriverTests" */ = {
			isa = XCConfigurationList;
			buildConfigurations = (
				4D4A138C28B6C7710001A0FF /* Debug */,
				4D4A138D28B6C7710001A0FF /* Release */,
			);
			defaultConfigurationIsVisible = 0;
			defaultConfigurationName = Release;
		};
		4D4A138E28B6C7710001A0FF /* Build configuration list for PBXNativeTarget "FindDriverUITests" */ = {
			isa = XCConfigurationList;
			buildConfigurations = (
				4D4A138F28B6C7710001A0FF /* Debug */,
				4D4A139028B6C7710001A0FF /* Release */,
			);
			defaultConfigurationIsVisible = 0;
			defaultConfigurationName = Release;
		};
/* End XCConfigurationList section */

/* Begin XCVersionGroup section */
		4D4A136728B6C76D0001A0FF /* FindDriver.xcdatamodeld */ = {
			isa = XCVersionGroup;
			children = (
				4D4A136828B6C76D0001A0FF /* FindDriver.xcdatamodel */,
			);
			currentVersion = 4D4A136828B6C76D0001A0FF /* FindDriver.xcdatamodel */;
			path = FindDriver.xcdatamodeld;
			sourceTree = "<group>";
			versionGroupType = wrapper.xcdatamodel;
		};
/* End XCVersionGroup section */
	};
	rootObject = 4D4A135328B6C76D0001A0FF /* Project object */;
}
